
Microsoft Visual Studio Solution File, Format Version 12.00
# Visual Studio Version 16
VisualStudioVersion = 16.0.29306.81
MinimumVisualStudioVersion = 10.0.40219.1
Project("{2150E333-8FDC-42A3-9474-1A3956D46DE8}") = "Services", "Services", "{A414B687-967A-482F-8E67-957481A07080}"
EndProject
Project("{2150E333-8FDC-42A3-9474-1A3956D46DE8}") = "WebApps", "WebApps", "{16CE3A2A-23DE-4DDA-8331-3E6C7B352C3D}"
EndProject
Project("{2150E333-8FDC-42A3-9474-1A3956D46DE8}") = "Cadastros", "Cadastros", "{94B19C43-DF6D-4A26-909E-32C4FFE4E539}"
EndProject
Project("{2150E333-8FDC-42A3-9474-1A3956D46DE8}") = "Catalogo", "Catalogo", "{D0161ABF-209A-41E1-87A1-922DABD705F9}"
EndProject
Project("{2150E333-8FDC-42A3-9474-1A3956D46DE8}") = "Core", "Core", "{63B61FA6-98BE-4A67-8D54-4094972985FF}"
EndProject
Project("{2150E333-8FDC-42A3-9474-1A3956D46DE8}") = "Fiscal", "Fiscal", "{F9D3009C-270A-4B76-9E3F-DA48F5D598D6}"
EndProject
Project("{2150E333-8FDC-42A3-9474-1A3956D46DE8}") = "Pagamentos", "Pagamentos", "{512A2BDB-8DC4-4FCF-A8EB-859DB4464A4A}"
EndProject
Project("{2150E333-8FDC-42A3-9474-1A3956D46DE8}") = "Vendas", "Vendas", "{7AB7D977-0777-4DAA-A33F-C947BFD7B1E5}"
EndProject
Project("{9A19103F-16F7-4668-BE54-9A1E7A4F7556}") = "NerdStore.Catalogo.Domain", "src\NerdStore.Catalogo.Domain\NerdStore.Catalogo.Domain.csproj", "{E7A9C578-DEA6-42E0-92AB-15838AE66705}"
EndProject
Project("{9A19103F-16F7-4668-BE54-9A1E7A4F7556}") = "NerdStore.Core", "src\NerdStore.Core\NerdStore.Core.csproj", "{B58BC90C-3028-4915-85BB-8C0D5061D37E}"
EndProject
Project("{2150E333-8FDC-42A3-9474-1A3956D46DE8}") = "Tests", "Tests", "{ACC61D0C-FE06-41F5-B32C-CAEFFAAF4AED}"
EndProject
Project("{9A19103F-16F7-4668-BE54-9A1E7A4F7556}") = "NerdStore.Catalogo.Domain.Tests", "tests\NerdStore.Catalogo.Domain.Tests\NerdStore.Catalogo.Domain.Tests.csproj", "{10133AA5-E773-4834-8C0C-7E056EF20065}"
EndProject
Project("{9A19103F-16F7-4668-BE54-9A1E7A4F7556}") = "NerdStore.Catalogo.Data", "src\NerdStore.Catalogo.Data\NerdStore.Catalogo.Data.csproj", "{E0BBFC72-CB5F-45F9-8D54-07C3B64FBC0E}"
EndProject
Project("{9A19103F-16F7-4668-BE54-9A1E7A4F7556}") = "NerdStore.Catalogo.Application", "src\NerdStore.Catalogo.Application\NerdStore.Catalogo.Application.csproj", "{691217C6-8C11-4C27-A796-F7254B554065}"
EndProject
Project("{FAE04EC0-301F-11D3-BF4B-00C04F79EFBC}") = "NerdStore.WebApp.MVC", "src\NerdStore.WebApp.MVC\NerdStore.WebApp.MVC.csproj", "{009416D0-9319-49B1-A4EE-282FE3FE80F7}"
EndProject
Project("{FAE04EC0-301F-11D3-BF4B-00C04F79EFBC}") = "NerdStore.Vendas.Domain", "src\NerdStore.Vendas.Domain\NerdStore.Vendas.Domain.csproj", "{A3A77370-63C2-41D8-BE68-F90CB06E243A}"
EndProject
Project("{FAE04EC0-301F-11D3-BF4B-00C04F79EFBC}") = "NerdStore.Vendas.Application", "src\NerdStore.Vendas.Application\NerdStore.Vendas.Application.csproj", "{6CFD7340-5885-448D-988C-D1E01AB8D3E4}"
EndProject
Project("{FAE04EC0-301F-11D3-BF4B-00C04F79EFBC}") = "NerdStore.Vendas.Data", "src\NerdStore.Vendas.Data\NerdStore.Vendas.Data.csproj", "{2F62D5F9-65D5-458A-B31B-6C218ADB1AA4}"
EndProject
Global
	GlobalSection(SolutionConfigurationPlatforms) = preSolution
		Debug|Any CPU = Debug|Any CPU
		Release|Any CPU = Release|Any CPU
	EndGlobalSection
	GlobalSection(ProjectConfigurationPlatforms) = postSolution
		{E7A9C578-DEA6-42E0-92AB-15838AE66705}.Debug|Any CPU.ActiveCfg = Debug|Any CPU
		{E7A9C578-DEA6-42E0-92AB-15838AE66705}.Debug|Any CPU.Build.0 = Debug|Any CPU
		{E7A9C578-DEA6-42E0-92AB-15838AE66705}.Release|Any CPU.ActiveCfg = Release|Any CPU
		{E7A9C578-DEA6-42E0-92AB-15838AE66705}.Release|Any CPU.Build.0 = Release|Any CPU
		{B58BC90C-3028-4915-85BB-8C0D5061D37E}.Debug|Any CPU.ActiveCfg = Debug|Any CPU
		{B58BC90C-3028-4915-85BB-8C0D5061D37E}.Debug|Any CPU.Build.0 = Debug|Any CPU
		{B58BC90C-3028-4915-85BB-8C0D5061D37E}.Release|Any CPU.ActiveCfg = Release|Any CPU
		{B58BC90C-3028-4915-85BB-8C0D5061D37E}.Release|Any CPU.Build.0 = Release|Any CPU
		{10133AA5-E773-4834-8C0C-7E056EF20065}.Debug|Any CPU.ActiveCfg = Debug|Any CPU
		{10133AA5-E773-4834-8C0C-7E056EF20065}.Debug|Any CPU.Build.0 = Debug|Any CPU
		{10133AA5-E773-4834-8C0C-7E056EF20065}.Release|Any CPU.ActiveCfg = Release|Any CPU
		{10133AA5-E773-4834-8C0C-7E056EF20065}.Release|Any CPU.Build.0 = Release|Any CPU
		{E0BBFC72-CB5F-45F9-8D54-07C3B64FBC0E}.Debug|Any CPU.ActiveCfg = Debug|Any CPU
		{E0BBFC72-CB5F-45F9-8D54-07C3B64FBC0E}.Debug|Any CPU.Build.0 = Debug|Any CPU
		{E0BBFC72-CB5F-45F9-8D54-07C3B64FBC0E}.Release|Any CPU.ActiveCfg = Release|Any CPU
		{E0BBFC72-CB5F-45F9-8D54-07C3B64FBC0E}.Release|Any CPU.Build.0 = Release|Any CPU
		{691217C6-8C11-4C27-A796-F7254B554065}.Debug|Any CPU.ActiveCfg = Debug|Any CPU
		{691217C6-8C11-4C27-A796-F7254B554065}.Debug|Any CPU.Build.0 = Debug|Any CPU
		{691217C6-8C11-4C27-A796-F7254B554065}.Release|Any CPU.ActiveCfg = Release|Any CPU
		{691217C6-8C11-4C27-A796-F7254B554065}.Release|Any CPU.Build.0 = Release|Any CPU
		{009416D0-9319-49B1-A4EE-282FE3FE80F7}.Debug|Any CPU.ActiveCfg = Debug|Any CPU
		{009416D0-9319-49B1-A4EE-282FE3FE80F7}.Debug|Any CPU.Build.0 = Debug|Any CPU
		{009416D0-9319-49B1-A4EE-282FE3FE80F7}.Release|Any CPU.ActiveCfg = Release|Any CPU
		{009416D0-9319-49B1-A4EE-282FE3FE80F7}.Release|Any CPU.Build.0 = Release|Any CPU
		{A3A77370-63C2-41D8-BE68-F90CB06E243A}.Debug|Any CPU.ActiveCfg = Debug|Any CPU
		{A3A77370-63C2-41D8-BE68-F90CB06E243A}.Debug|Any CPU.Build.0 = Debug|Any CPU
		{A3A77370-63C2-41D8-BE68-F90CB06E243A}.Release|Any CPU.ActiveCfg = Release|Any CPU
		{A3A77370-63C2-41D8-BE68-F90CB06E243A}.Release|Any CPU.Build.0 = Release|Any CPU
		{6CFD7340-5885-448D-988C-D1E01AB8D3E4}.Debug|Any CPU.ActiveCfg = Debug|Any CPU
		{6CFD7340-5885-448D-988C-D1E01AB8D3E4}.Debug|Any CPU.Build.0 = Debug|Any CPU
		{6CFD7340-5885-448D-988C-D1E01AB8D3E4}.Release|Any CPU.ActiveCfg = Release|Any CPU
		{6CFD7340-5885-448D-988C-D1E01AB8D3E4}.Release|Any CPU.Build.0 = Release|Any CPU
		{2F62D5F9-65D5-458A-B31B-6C218ADB1AA4}.Debug|Any CPU.ActiveCfg = Debug|Any CPU
		{2F62D5F9-65D5-458A-B31B-6C218ADB1AA4}.Debug|Any CPU.Build.0 = Debug|Any CPU
		{2F62D5F9-65D5-458A-B31B-6C218ADB1AA4}.Release|Any CPU.ActiveCfg = Release|Any CPU
		{2F62D5F9-65D5-458A-B31B-6C218ADB1AA4}.Release|Any CPU.Build.0 = Release|Any CPU
	EndGlobalSection
	GlobalSection(SolutionProperties) = preSolution
		HideSolutionNode = FALSE
	EndGlobalSection
	GlobalSection(NestedProjects) = preSolution
		{94B19C43-DF6D-4A26-909E-32C4FFE4E539} = {A414B687-967A-482F-8E67-957481A07080}
		{D0161ABF-209A-41E1-87A1-922DABD705F9} = {A414B687-967A-482F-8E67-957481A07080}
		{63B61FA6-98BE-4A67-8D54-4094972985FF} = {A414B687-967A-482F-8E67-957481A07080}
		{F9D3009C-270A-4B76-9E3F-DA48F5D598D6} = {A414B687-967A-482F-8E67-957481A07080}
		{512A2BDB-8DC4-4FCF-A8EB-859DB4464A4A} = {A414B687-967A-482F-8E67-957481A07080}
		{7AB7D977-0777-4DAA-A33F-C947BFD7B1E5} = {A414B687-967A-482F-8E67-957481A07080}
		{E7A9C578-DEA6-42E0-92AB-15838AE66705} = {D0161ABF-209A-41E1-87A1-922DABD705F9}
		{B58BC90C-3028-4915-85BB-8C0D5061D37E} = {63B61FA6-98BE-4A67-8D54-4094972985FF}
		{ACC61D0C-FE06-41F5-B32C-CAEFFAAF4AED} = {D0161ABF-209A-41E1-87A1-922DABD705F9}
		{10133AA5-E773-4834-8C0C-7E056EF20065} = {ACC61D0C-FE06-41F5-B32C-CAEFFAAF4AED}
		{E0BBFC72-CB5F-45F9-8D54-07C3B64FBC0E} = {D0161ABF-209A-41E1-87A1-922DABD705F9}
		{691217C6-8C11-4C27-A796-F7254B554065} = {D0161ABF-209A-41E1-87A1-922DABD705F9}
		{009416D0-9319-49B1-A4EE-282FE3FE80F7} = {16CE3A2A-23DE-4DDA-8331-3E6C7B352C3D}
		{A3A77370-63C2-41D8-BE68-F90CB06E243A} = {7AB7D977-0777-4DAA-A33F-C947BFD7B1E5}
		{6CFD7340-5885-448D-988C-D1E01AB8D3E4} = {7AB7D977-0777-4DAA-A33F-C947BFD7B1E5}
		{2F62D5F9-65D5-458A-B31B-6C218ADB1AA4} = {7AB7D977-0777-4DAA-A33F-C947BFD7B1E5}
	EndGlobalSection
	GlobalSection(ExtensibilityGlobals) = postSolution
		SolutionGuid = {5B272EB1-0FC6-4B02-9ABA-1DC567B2B3C6}
	EndGlobalSection
EndGlobal
